
Microsoft Visual Studio Solution File, Format Version 12.00
# Visual Studio Version 16
VisualStudioVersion = 16.0.28922.388
MinimumVisualStudioVersion = 10.0.40219.1
Project("{FAE04EC0-301F-11D3-BF4B-00C04F79EFBC}") = "SingletonApp", "SingletonApp\SingletonApp.csproj", "{C31A7104-1BAB-4464-8BA4-E60E0B64A49F}"
EndProject
Global
	GlobalSection(SolutionConfigurationPlatforms) = preSolution
		Debug|Any CPU = Debug|Any CPU
		Release|Any CPU = Release|Any CPU
	EndGlobalSection
	GlobalSection(ProjectConfigurationPlatforms) = postSolution
		{C31A7104-1BAB-4464-8BA4-E60E0B64A49F}.Debug|Any CPU.ActiveCfg = Debug|Any CPU
		{C31A7104-1BAB-4464-8BA4-E60E0B64A49F}.Debug|Any CPU.Build.0 = Debug|Any CPU
		{C31A7104-1BAB-4464-8BA4-E60E0B64A49F}.Release|Any CPU.ActiveCfg = Release|Any CPU
		{C31A7104-1BAB-4464-8BA4-E60E0B64A49F}.Release|Any CPU.Build.0 = Release|Any CPU
	EndGlobalSection
	GlobalSection(SolutionProperties) = preSolution
		HideSolutionNode = FALSE
	EndGlobalSection
	GlobalSection(ExtensibilityGlobals) = postSolution
		SolutionGuid = {F6C6A513-BB00-47A8-8B59-9D3E758C140E}
	EndGlobalSection
EndGlobal
